# This file was autogenerated by Stack.
# You should not edit this file by hand.
# For more information, please see the documentation at:
#   https://docs.haskellstack.org/en/stable/lock_files

packages:
- completed:
    hackage: relapse-1.0.0.0@sha256:b89ea23189e07f377be4e2a4deccf3d6ba7f547ed8ad77e27b35d78801efd81c,1574
    pantry-tree:
      size: 494
      sha256: a9ceb48aeb57519990a73a33032b97e7b4ce4d329e181ca36bc55425debf4748
  original:
    hackage: relapse-1.0.0.0@sha256:b89ea23189e07f377be4e2a4deccf3d6ba7f547ed8ad77e27b35d78801efd81c
snapshots:
- completed:
    size: 565266
    url: https://raw.githubusercontent.com/commercialhaskell/stackage-snapshots/master/lts/17/5.yaml
    sha256: 78e8ebabf11406261abbc95b44f240acf71802630b368888f6d758de7fc3a2f7
  original: lts-17.5
